
Microsoft Visual Studio Solution File, Format Version 12.00
# Visual Studio Version 16
VisualStudioVersion = 16.0.29215.179
MinimumVisualStudioVersion = 10.0.40219.1
Project("{888888A0-9F3D-457C-B088-3A5042F75D52}") = "EQX4Py", "EQX4Py.pyproj", "{0B0B805E-1401-4B6C-B3D6-0F88EBB33F01}"
EndProject
Global
	GlobalSection(SolutionConfigurationPlatforms) = preSolution
		Debug|Any CPU = Debug|Any CPU
		Release|Any CPU = Release|Any CPU
	EndGlobalSection
	GlobalSection(ProjectConfigurationPlatforms) = postSolution
		{0B0B805E-1401-4B6C-B3D6-0F88EBB33F01}.Debug|Any CPU.ActiveCfg = Debug|Any CPU
		{0B0B805E-1401-4B6C-B3D6-0F88EBB33F01}.Release|Any CPU.ActiveCfg = Release|Any CPU
	EndGlobalSection
	GlobalSection(SolutionProperties) = preSolution
		HideSolutionNode = FALSE
	EndGlobalSection
	GlobalSection(ExtensibilityGlobals) = postSolution
		SolutionGuid = {0AACD6C3-FFA6-4196-BB65-EDE05DEE4AC9}
	EndGlobalSection
EndGlobal
