
Microsoft Visual Studio Solution File, Format Version 12.00
# Visual Studio Version 16
VisualStudioVersion = 16.0.29215.179
MinimumVisualStudioVersion = 10.0.40219.1
Project("{FAE04EC0-301F-11D3-BF4B-00C04F79EFBC}") = "EQX4Sharp", "EQX4Sharp.csproj", "{CA76CD82-B709-4533-926F-CCC1C5DBBBC9}"
EndProject
Global
	GlobalSection(SolutionConfigurationPlatforms) = preSolution
		Debug|Any CPU = Debug|Any CPU
		Release|Any CPU = Release|Any CPU
	EndGlobalSection
	GlobalSection(ProjectConfigurationPlatforms) = postSolution
		{CA76CD82-B709-4533-926F-CCC1C5DBBBC9}.Debug|Any CPU.ActiveCfg = Debug|Any CPU
		{CA76CD82-B709-4533-926F-CCC1C5DBBBC9}.Debug|Any CPU.Build.0 = Debug|Any CPU
		{CA76CD82-B709-4533-926F-CCC1C5DBBBC9}.Release|Any CPU.ActiveCfg = Release|Any CPU
		{CA76CD82-B709-4533-926F-CCC1C5DBBBC9}.Release|Any CPU.Build.0 = Release|Any CPU
	EndGlobalSection
	GlobalSection(SolutionProperties) = preSolution
		HideSolutionNode = FALSE
	EndGlobalSection
	GlobalSection(ExtensibilityGlobals) = postSolution
		SolutionGuid = {7F1A3FE5-7C87-45F3-939B-933D7A163199}
	EndGlobalSection
EndGlobal
